{
  "name": "@dmsdc-ai/aigentry-devkit",
  "version": "0.0.21",
  "lockfileVersion": 3,
  "requires": true,
  "packages": {
    "": {
      "name": "@dmsdc-ai/aigentry-devkit",
      "version": "0.0.21",
      "hasInstallScript": true,
      "license": "MIT",
      "dependencies": {
        "@aigentry/logger": "file:../aigentry-logger"
      },
      "bin": {
        "aigentry": "bin/aigentry-devkit.js",
        "aigentry-devkit": "bin/aigentry-devkit.js",
        "aigentry-devkit-bootstrap": "bin/aigentry-devkit-bootstrap.js"
      },
      "engines": {
        "node": ">=18"
      }
    },
    "../aigentry-logger": {
      "name": "@aigentry/logger",
      "version": "0.1.0",
      "dependencies": {
        "@aigentry/ssot": "file:../aigentry-ssot/pkg",
        "ajv": "^8.17.1"
      },
      "bin": {
        "aigentry-logger": "bin/aigentry-logger.mjs"
      },
      "devDependencies": {
        "@types/node": "^20.14.0",
        "typescript": "^5.5.0",
        "vitest": "^2.0.0"
      },
      "engines": {
        "node": ">=18"
      }
    },
    "node_modules/@aigentry/logger": {
      "resolved": "../aigentry-logger",
      "link": true
    }
  }
}
